// !$*UTF8*$!
{
	archiveVersion = 1;
	classes = {
	};
	objectVersion = 51;
	objects = {

/* Begin PBXBuildFile section */
		183CFC2325BC365B00C07434 /* ExploreController.swift in Sources */ = {isa = PBXBuildFile; fileRef = 183CFC2225BC365B00C07434 /* ExploreController.swift */; };
		183CFC2725BC49D100C07434 /* nearbyCell.swift in Sources */ = {isa = PBXBuildFile; fileRef = 183CFC2625BC49D100C07434 /* nearbyCell.swift */; };
		183CFC3125BD224F00C07434 /* nearbyCellCollectionViewCell.swift in Sources */ = {isa = PBXBuildFile; fileRef = 183CFC2F25BD224F00C07434 /* nearbyCellCollectionViewCell.swift */; };
		183CFC3225BD224F00C07434 /* nearbyCellCollectionViewCell.xib in Resources */ = {isa = PBXBuildFile; fileRef = 183CFC3025BD224F00C07434 /* nearbyCellCollectionViewCell.xib */; };
		183CFC3525BD302200C07434 /* Places.swift in Sources */ = {isa = PBXBuildFile; fileRef = 183CFC3425BD302200C07434 /* Places.swift */; };
		184EB1BC25BDA6040098103A /* Southwest.swift in Sources */ = {isa = PBXBuildFile; fileRef = 184EB1B325BDA6030098103A /* Southwest.swift */; };
		184EB1BD25BDA6040098103A /* Geometry.swift in Sources */ = {isa = PBXBuildFile; fileRef = 184EB1B425BDA6030098103A /* Geometry.swift */; };
		184EB1BE25BDA6040098103A /* PlaceModel.swift in Sources */ = {isa = PBXBuildFile; fileRef = 184EB1B525BDA6040098103A /* PlaceModel.swift */; };
		184EB1BF25BDA6040098103A /* Photos.swift in Sources */ = {isa = PBXBuildFile; fileRef = 184EB1B625BDA6040098103A /* Photos.swift */; };
		184EB1C025BDA6040098103A /* Northeast.swift in Sources */ = {isa = PBXBuildFile; fileRef = 184EB1B725BDA6040098103A /* Northeast.swift */; };
		184EB1C125BDA6040098103A /* Plus_code.swift in Sources */ = {isa = PBXBuildFile; fileRef = 184EB1B825BDA6040098103A /* Plus_code.swift */; };
		184EB1C225BDA6040098103A /* Viewport.swift in Sources */ = {isa = PBXBuildFile; fileRef = 184EB1B925BDA6040098103A /* Viewport.swift */; };
		184EB1C325BDA6040098103A /* Location.swift in Sources */ = {isa = PBXBuildFile; fileRef = 184EB1BA25BDA6040098103A /* Location.swift */; };
		184EB1C425BDA6040098103A /* Results.swift in Sources */ = {isa = PBXBuildFile; fileRef = 184EB1BB25BDA6040098103A /* Results.swift */; };
		184EB1C725BF03D10098103A /* VenueDetailController.swift in Sources */ = {isa = PBXBuildFile; fileRef = 184EB1C625BF03D10098103A /* VenueDetailController.swift */; };
		184EB1CA25BF247C0098103A /* LocationDelegate.swift in Sources */ = {isa = PBXBuildFile; fileRef = 184EB1C925BF247C0098103A /* LocationDelegate.swift */; };
		185DF98625B991F300B5929D /* EmailViewController.swift in Sources */ = {isa = PBXBuildFile; fileRef = 185DF98525B991F300B5929D /* EmailViewController.swift */; };
		185DF98B25B9955B00B5929D /* Validation.swift in Sources */ = {isa = PBXBuildFile; fileRef = 185DF98A25B9955B00B5929D /* Validation.swift */; };
		188D6F3625BA5FBC00061EEB /* ImagePicker.swift in Sources */ = {isa = PBXBuildFile; fileRef = 188D6F3525BA5FBC00061EEB /* ImagePicker.swift */; };
		188D6F5625BC025C00061EEB /* LoginViewController.swift in Sources */ = {isa = PBXBuildFile; fileRef = 188D6F5525BC025C00061EEB /* LoginViewController.swift */; };
		18F8A0AD25B8802500BF41C9 /* AppDelegate.swift in Sources */ = {isa = PBXBuildFile; fileRef = 18F8A0AC25B8802500BF41C9 /* AppDelegate.swift */; };
		18F8A0AF25B8802500BF41C9 /* SceneDelegate.swift in Sources */ = {isa = PBXBuildFile; fileRef = 18F8A0AE25B8802500BF41C9 /* SceneDelegate.swift */; };
		18F8A0B125B8802500BF41C9 /* ViewController.swift in Sources */ = {isa = PBXBuildFile; fileRef = 18F8A0B025B8802500BF41C9 /* ViewController.swift */; };
		18F8A0B425B8802500BF41C9 /* Main.storyboard in Resources */ = {isa = PBXBuildFile; fileRef = 18F8A0B225B8802500BF41C9 /* Main.storyboard */; };
		18F8A0B725B8802500BF41C9 /* EatWhatLah.xcdatamodeld in Sources */ = {isa = PBXBuildFile; fileRef = 18F8A0B525B8802500BF41C9 /* EatWhatLah.xcdatamodeld */; };
		18F8A0B925B8802800BF41C9 /* Assets.xcassets in Resources */ = {isa = PBXBuildFile; fileRef = 18F8A0B825B8802800BF41C9 /* Assets.xcassets */; };
		18F8A0BC25B8802800BF41C9 /* LaunchScreen.storyboard in Resources */ = {isa = PBXBuildFile; fileRef = 18F8A0BA25B8802800BF41C9 /* LaunchScreen.storyboard */; };
		18F8A0C525B884EE00BF41C9 /* onboard.storyboard in Resources */ = {isa = PBXBuildFile; fileRef = 18F8A0C425B884EE00BF41C9 /* onboard.storyboard */; };
		18F8A0D425B88D4500BF41C9 /* SFProText-Medium.ttf in Resources */ = {isa = PBXBuildFile; fileRef = 18F8A0C825B88D4500BF41C9 /* SFProText-Medium.ttf */; };
		18F8A0D525B88D4500BF41C9 /* SFProText-SemiBoldItalic.ttf in Resources */ = {isa = PBXBuildFile; fileRef = 18F8A0C925B88D4500BF41C9 /* SFProText-SemiBoldItalic.ttf */; };
		18F8A0D625B88D4500BF41C9 /* SFProText-Light.ttf in Resources */ = {isa = PBXBuildFile; fileRef = 18F8A0CA25B88D4500BF41C9 /* SFProText-Light.ttf */; };
		18F8A0D725B88D4500BF41C9 /* SFProText-RegularItalic.ttf in Resources */ = {isa = PBXBuildFile; fileRef = 18F8A0CB25B88D4500BF41C9 /* SFProText-RegularItalic.ttf */; };
		18F8A0D825B88D4500BF41C9 /* SFProText-LightItalic.ttf in Resources */ = {isa = PBXBuildFile; fileRef = 18F8A0CC25B88D4500BF41C9 /* SFProText-LightItalic.ttf */; };
		18F8A0D925B88D4500BF41C9 /* SFProText-SemiBold.ttf in Resources */ = {isa = PBXBuildFile; fileRef = 18F8A0CD25B88D4500BF41C9 /* SFProText-SemiBold.ttf */; };
		18F8A0DA25B88D4500BF41C9 /* SFProText-Heavy.ttf in Resources */ = {isa = PBXBuildFile; fileRef = 18F8A0CE25B88D4500BF41C9 /* SFProText-Heavy.ttf */; };
		18F8A0DB25B88D4500BF41C9 /* SFProText-MediumItalic.ttf in Resources */ = {isa = PBXBuildFile; fileRef = 18F8A0CF25B88D4500BF41C9 /* SFProText-MediumItalic.ttf */; };
		18F8A0DC25B88D4500BF41C9 /* SFProText-HeavyItalic.ttf in Resources */ = {isa = PBXBuildFile; fileRef = 18F8A0D025B88D4500BF41C9 /* SFProText-HeavyItalic.ttf */; };
		18F8A0DD25B88D4500BF41C9 /* SFProText-Regular.ttf in Resources */ = {isa = PBXBuildFile; fileRef = 18F8A0D125B88D4500BF41C9 /* SFProText-Regular.ttf */; };
		18F8A0DE25B88D4500BF41C9 /* SFProText-BoldItalic.ttf in Resources */ = {isa = PBXBuildFile; fileRef = 18F8A0D225B88D4500BF41C9 /* SFProText-BoldItalic.ttf */; };
		18F8A0DF25B88D4500BF41C9 /* SFProText-Bold.ttf in Resources */ = {isa = PBXBuildFile; fileRef = 18F8A0D325B88D4500BF41C9 /* SFProText-Bold.ttf */; };
		18F8A0E825B8AA0100BF41C9 /* onboardController.swift in Sources */ = {isa = PBXBuildFile; fileRef = 18F8A0E725B8AA0100BF41C9 /* onboardController.swift */; };
		18F8A0F425B9223200BF41C9 /* UserModel.swift in Sources */ = {isa = PBXBuildFile; fileRef = 18F8A0F325B9223200BF41C9 /* UserModel.swift */; };
		18F8A0FA25B9312300BF41C9 /* GoogleService-Info.plist in Resources */ = {isa = PBXBuildFile; fileRef = 18F8A0F925B9312300BF41C9 /* GoogleService-Info.plist */; };
		3524AA7798A63906661003C8 /* Pods_EatWhatLah.framework in Frameworks */ = {isa = PBXBuildFile; fileRef = 92364AC69F8CF233761F86B6 /* Pods_EatWhatLah.framework */; };
		5DCD882325B88EA9006D6358 /* CommunityController.swift in Sources */ = {isa = PBXBuildFile; fileRef = 5DCD882225B88EA9006D6358 /* CommunityController.swift */; };
/* End PBXBuildFile section */

/* Begin PBXFileReference section */
		1795CC35D3A281EF2DCDC854 /* Pods-EatWhatLah.debug.xcconfig */ = {isa = PBXFileReference; includeInIndex = 1; lastKnownFileType = text.xcconfig; name = "Pods-EatWhatLah.debug.xcconfig"; path = "Target Support Files/Pods-EatWhatLah/Pods-EatWhatLah.debug.xcconfig"; sourceTree = "<group>"; };
		183CFC2225BC365B00C07434 /* ExploreController.swift */ = {isa = PBXFileReference; lastKnownFileType = sourcecode.swift; path = ExploreController.swift; sourceTree = "<group>"; };
		183CFC2625BC49D100C07434 /* nearbyCell.swift */ = {isa = PBXFileReference; lastKnownFileType = sourcecode.swift; path = nearbyCell.swift; sourceTree = "<group>"; };
		183CFC2F25BD224F00C07434 /* nearbyCellCollectionViewCell.swift */ = {isa = PBXFileReference; lastKnownFileType = sourcecode.swift; path = nearbyCellCollectionViewCell.swift; sourceTree = "<group>"; };
		183CFC3025BD224F00C07434 /* nearbyCellCollectionViewCell.xib */ = {isa = PBXFileReference; lastKnownFileType = file.xib; path = nearbyCellCollectionViewCell.xib; sourceTree = "<group>"; };
		183CFC3425BD302200C07434 /* Places.swift */ = {isa = PBXFileReference; lastKnownFileType = sourcecode.swift; path = Places.swift; sourceTree = "<group>"; };
		184EB1B325BDA6030098103A /* Southwest.swift */ = {isa = PBXFileReference; fileEncoding = 4; lastKnownFileType = sourcecode.swift; path = Southwest.swift; sourceTree = "<group>"; };
		184EB1B425BDA6030098103A /* Geometry.swift */ = {isa = PBXFileReference; fileEncoding = 4; lastKnownFileType = sourcecode.swift; path = Geometry.swift; sourceTree = "<group>"; };
		184EB1B525BDA6040098103A /* PlaceModel.swift */ = {isa = PBXFileReference; fileEncoding = 4; lastKnownFileType = sourcecode.swift; path = PlaceModel.swift; sourceTree = "<group>"; };
		184EB1B625BDA6040098103A /* Photos.swift */ = {isa = PBXFileReference; fileEncoding = 4; lastKnownFileType = sourcecode.swift; path = Photos.swift; sourceTree = "<group>"; };
		184EB1B725BDA6040098103A /* Northeast.swift */ = {isa = PBXFileReference; fileEncoding = 4; lastKnownFileType = sourcecode.swift; path = Northeast.swift; sourceTree = "<group>"; };
		184EB1B825BDA6040098103A /* Plus_code.swift */ = {isa = PBXFileReference; fileEncoding = 4; lastKnownFileType = sourcecode.swift; path = Plus_code.swift; sourceTree = "<group>"; };
		184EB1B925BDA6040098103A /* Viewport.swift */ = {isa = PBXFileReference; fileEncoding = 4; lastKnownFileType = sourcecode.swift; path = Viewport.swift; sourceTree = "<group>"; };
		184EB1BA25BDA6040098103A /* Location.swift */ = {isa = PBXFileReference; fileEncoding = 4; lastKnownFileType = sourcecode.swift; path = Location.swift; sourceTree = "<group>"; };
		184EB1BB25BDA6040098103A /* Results.swift */ = {isa = PBXFileReference; fileEncoding = 4; lastKnownFileType = sourcecode.swift; path = Results.swift; sourceTree = "<group>"; };
		184EB1C625BF03D10098103A /* VenueDetailController.swift */ = {isa = PBXFileReference; lastKnownFileType = sourcecode.swift; path = VenueDetailController.swift; sourceTree = "<group>"; };
		184EB1C925BF247C0098103A /* LocationDelegate.swift */ = {isa = PBXFileReference; lastKnownFileType = sourcecode.swift; path = LocationDelegate.swift; sourceTree = "<group>"; };
		185DF98525B991F300B5929D /* EmailViewController.swift */ = {isa = PBXFileReference; lastKnownFileType = sourcecode.swift; path = EmailViewController.swift; sourceTree = "<group>"; };
		185DF98A25B9955B00B5929D /* Validation.swift */ = {isa = PBXFileReference; lastKnownFileType = sourcecode.swift; path = Validation.swift; sourceTree = "<group>"; };
		188D6F3525BA5FBC00061EEB /* ImagePicker.swift */ = {isa = PBXFileReference; lastKnownFileType = sourcecode.swift; path = ImagePicker.swift; sourceTree = "<group>"; };
		188D6F5525BC025C00061EEB /* LoginViewController.swift */ = {isa = PBXFileReference; lastKnownFileType = sourcecode.swift; path = LoginViewController.swift; sourceTree = "<group>"; };
		18F8A0A925B8802500BF41C9 /* EatWhatLah.app */ = {isa = PBXFileReference; explicitFileType = wrapper.application; includeInIndex = 0; path = EatWhatLah.app; sourceTree = BUILT_PRODUCTS_DIR; };
		18F8A0AC25B8802500BF41C9 /* AppDelegate.swift */ = {isa = PBXFileReference; lastKnownFileType = sourcecode.swift; path = AppDelegate.swift; sourceTree = "<group>"; };
		18F8A0AE25B8802500BF41C9 /* SceneDelegate.swift */ = {isa = PBXFileReference; lastKnownFileType = sourcecode.swift; path = SceneDelegate.swift; sourceTree = "<group>"; };
		18F8A0B025B8802500BF41C9 /* ViewController.swift */ = {isa = PBXFileReference; lastKnownFileType = sourcecode.swift; path = ViewController.swift; sourceTree = "<group>"; };
		18F8A0B325B8802500BF41C9 /* Base */ = {isa = PBXFileReference; lastKnownFileType = file.storyboard; name = Base; path = Base.lproj/Main.storyboard; sourceTree = "<group>"; };
		18F8A0B625B8802500BF41C9 /* EatWhatLah.xcdatamodel */ = {isa = PBXFileReference; lastKnownFileType = wrapper.xcdatamodel; path = EatWhatLah.xcdatamodel; sourceTree = "<group>"; };
		18F8A0B825B8802800BF41C9 /* Assets.xcassets */ = {isa = PBXFileReference; lastKnownFileType = folder.assetcatalog; path = Assets.xcassets; sourceTree = "<group>"; };
		18F8A0BB25B8802800BF41C9 /* Base */ = {isa = PBXFileReference; lastKnownFileType = file.storyboard; name = Base; path = Base.lproj/LaunchScreen.storyboard; sourceTree = "<group>"; };
		18F8A0BD25B8802800BF41C9 /* Info.plist */ = {isa = PBXFileReference; lastKnownFileType = text.plist.xml; path = Info.plist; sourceTree = "<group>"; };
		18F8A0C425B884EE00BF41C9 /* onboard.storyboard */ = {isa = PBXFileReference; lastKnownFileType = file.storyboard; path = onboard.storyboard; sourceTree = "<group>"; };
		18F8A0C825B88D4500BF41C9 /* SFProText-Medium.ttf */ = {isa = PBXFileReference; lastKnownFileType = file; name = "SFProText-Medium.ttf"; path = "../../../../../Downloads/sfwin-master/SFPro/TrueType/SFProText-Medium.ttf"; sourceTree = "<group>"; };
		18F8A0C925B88D4500BF41C9 /* SFProText-SemiBoldItalic.ttf */ = {isa = PBXFileReference; lastKnownFileType = file; name = "SFProText-SemiBoldItalic.ttf"; path = "../../../../../Downloads/sfwin-master/SFPro/TrueType/SFProText-SemiBoldItalic.ttf"; sourceTree = "<group>"; };
		18F8A0CA25B88D4500BF41C9 /* SFProText-Light.ttf */ = {isa = PBXFileReference; lastKnownFileType = file; name = "SFProText-Light.ttf"; path = "../../../../../Downloads/sfwin-master/SFPro/TrueType/SFProText-Light.ttf"; sourceTree = "<group>"; };
		18F8A0CB25B88D4500BF41C9 /* SFProText-RegularItalic.ttf */ = {isa = PBXFileReference; lastKnownFileType = file; name = "SFProText-RegularItalic.ttf"; path = "../../../../../Downloads/sfwin-master/SFPro/TrueType/SFProText-RegularItalic.ttf"; sourceTree = "<group>"; };
		18F8A0CC25B88D4500BF41C9 /* SFProText-LightItalic.ttf */ = {isa = PBXFileReference; lastKnownFileType = file; name = "SFProText-LightItalic.ttf"; path = "../../../../../Downloads/sfwin-master/SFPro/TrueType/SFProText-LightItalic.ttf"; sourceTree = "<group>"; };
		18F8A0CD25B88D4500BF41C9 /* SFProText-SemiBold.ttf */ = {isa = PBXFileReference; lastKnownFileType = file; name = "SFProText-SemiBold.ttf"; path = "../../../../../Downloads/sfwin-master/SFPro/TrueType/SFProText-SemiBold.ttf"; sourceTree = "<group>"; };
		18F8A0CE25B88D4500BF41C9 /* SFProText-Heavy.ttf */ = {isa = PBXFileReference; lastKnownFileType = file; name = "SFProText-Heavy.ttf"; path = "../../../../../Downloads/sfwin-master/SFPro/TrueType/SFProText-Heavy.ttf"; sourceTree = "<group>"; };
		18F8A0CF25B88D4500BF41C9 /* SFProText-MediumItalic.ttf */ = {isa = PBXFileReference; lastKnownFileType = file; name = "SFProText-MediumItalic.ttf"; path = "../../../../../Downloads/sfwin-master/SFPro/TrueType/SFProText-MediumItalic.ttf"; sourceTree = "<group>"; };
		18F8A0D025B88D4500BF41C9 /* SFProText-HeavyItalic.ttf */ = {isa = PBXFileReference; lastKnownFileType = file; name = "SFProText-HeavyItalic.ttf"; path = "../../../../../Downloads/sfwin-master/SFPro/TrueType/SFProText-HeavyItalic.ttf"; sourceTree = "<group>"; };
		18F8A0D125B88D4500BF41C9 /* SFProText-Regular.ttf */ = {isa = PBXFileReference; lastKnownFileType = file; name = "SFProText-Regular.ttf"; path = "../../../../../Downloads/sfwin-master/SFPro/TrueType/SFProText-Regular.ttf"; sourceTree = "<group>"; };
		18F8A0D225B88D4500BF41C9 /* SFProText-BoldItalic.ttf */ = {isa = PBXFileReference; lastKnownFileType = file; name = "SFProText-BoldItalic.ttf"; path = "../../../../../Downloads/sfwin-master/SFPro/TrueType/SFProText-BoldItalic.ttf"; sourceTree = "<group>"; };
		18F8A0D325B88D4500BF41C9 /* SFProText-Bold.ttf */ = {isa = PBXFileReference; lastKnownFileType = file; name = "SFProText-Bold.ttf"; path = "../../../../../Downloads/sfwin-master/SFPro/TrueType/SFProText-Bold.ttf"; sourceTree = "<group>"; };
		18F8A0E725B8AA0100BF41C9 /* onboardController.swift */ = {isa = PBXFileReference; lastKnownFileType = sourcecode.swift; path = onboardController.swift; sourceTree = "<group>"; };
		18F8A0F325B9223200BF41C9 /* UserModel.swift */ = {isa = PBXFileReference; lastKnownFileType = sourcecode.swift; path = UserModel.swift; sourceTree = "<group>"; };
		18F8A0F925B9312300BF41C9 /* GoogleService-Info.plist */ = {isa = PBXFileReference; fileEncoding = 4; lastKnownFileType = text.plist.xml; name = "GoogleService-Info.plist"; path = "../../../../../Downloads/GoogleService-Info.plist"; sourceTree = "<group>"; };
		33113F49FB3C8F4775662E66 /* Pods-EatWhatLah.release.xcconfig */ = {isa = PBXFileReference; includeInIndex = 1; lastKnownFileType = text.xcconfig; name = "Pods-EatWhatLah.release.xcconfig"; path = "Target Support Files/Pods-EatWhatLah/Pods-EatWhatLah.release.xcconfig"; sourceTree = "<group>"; };
		5DCD882225B88EA9006D6358 /* CommunityController.swift */ = {isa = PBXFileReference; lastKnownFileType = sourcecode.swift; path = CommunityController.swift; sourceTree = "<group>"; };
		92364AC69F8CF233761F86B6 /* Pods_EatWhatLah.framework */ = {isa = PBXFileReference; explicitFileType = wrapper.framework; includeInIndex = 0; path = Pods_EatWhatLah.framework; sourceTree = BUILT_PRODUCTS_DIR; };
/* End PBXFileReference section */

/* Begin PBXFrameworksBuildPhase section */
		18F8A0A625B8802500BF41C9 /* Frameworks */ = {
			isa = PBXFrameworksBuildPhase;
			buildActionMask = 2147483647;
			files = (
				3524AA7798A63906661003C8 /* Pods_EatWhatLah.framework in Frameworks */,
			);
			runOnlyForDeploymentPostprocessing = 0;
		};
/* End PBXFrameworksBuildPhase section */

/* Begin PBXGroup section */
		184EB1A725BDA4C80098103A /* PlacesModel */ = {
			isa = PBXGroup;
			children = (
				184EB1B425BDA6030098103A /* Geometry.swift */,
				184EB1BA25BDA6040098103A /* Location.swift */,
				184EB1B725BDA6040098103A /* Northeast.swift */,
				184EB1B625BDA6040098103A /* Photos.swift */,
				184EB1B525BDA6040098103A /* PlaceModel.swift */,
				184EB1B825BDA6040098103A /* Plus_code.swift */,
				184EB1BB25BDA6040098103A /* Results.swift */,
				184EB1B325BDA6030098103A /* Southwest.swift */,
				184EB1B925BDA6040098103A /* Viewport.swift */,
			);
			path = PlacesModel;
			sourceTree = "<group>";
		};
		188D6F3925BBB4E800061EEB /* View */ = {
			isa = PBXGroup;
			children = (
				18F8A0B225B8802500BF41C9 /* Main.storyboard */,
				18F8A0BA25B8802800BF41C9 /* LaunchScreen.storyboard */,
				18F8A0C425B884EE00BF41C9 /* onboard.storyboard */,
			);
			path = View;
			sourceTree = "<group>";
		};
		188D6F3A25BBB4EE00061EEB /* Model */ = {
			isa = PBXGroup;
			children = (
				184EB1A725BDA4C80098103A /* PlacesModel */,
				188D6F3525BA5FBC00061EEB /* ImagePicker.swift */,
				18F8A0F325B9223200BF41C9 /* UserModel.swift */,
				185DF98A25B9955B00B5929D /* Validation.swift */,
				183CFC3425BD302200C07434 /* Places.swift */,
			);
			path = Model;
			sourceTree = "<group>";
		};
		188D6F3B25BBB4F300061EEB /* Controller */ = {
			isa = PBXGroup;
			children = (
				18F8A0B025B8802500BF41C9 /* ViewController.swift */,
				185DF98525B991F300B5929D /* EmailViewController.swift */,
				5DCD882225B88EA9006D6358 /* CommunityController.swift */,
				18F8A0E725B8AA0100BF41C9 /* onboardController.swift */,
				188D6F5525BC025C00061EEB /* LoginViewController.swift */,
				183CFC2225BC365B00C07434 /* ExploreController.swift */,
				184EB1C625BF03D10098103A /* VenueDetailController.swift */,
			);
			path = Controller;
			sourceTree = "<group>";
		};
		188D6F3E25BBB52C00061EEB /* Delegate */ = {
			isa = PBXGroup;
			children = (
				18F8A0AC25B8802500BF41C9 /* AppDelegate.swift */,
				18F8A0AE25B8802500BF41C9 /* SceneDelegate.swift */,
				184EB1C925BF247C0098103A /* LocationDelegate.swift */,
			);
			path = Delegate;
			sourceTree = "<group>";
		};
		188D6F5825BC0F0900061EEB /* Databse */ = {
			isa = PBXGroup;
			children = (
				18F8A0B525B8802500BF41C9 /* EatWhatLah.xcdatamodeld */,
			);
			path = Databse;
			sourceTree = "<group>";
		};
		18F8A0A025B8802500BF41C9 = {
			isa = PBXGroup;
			children = (
				18F8A0C725B88D0A00BF41C9 /* fonts */,
				18F8A0AB25B8802500BF41C9 /* EatWhatLah */,
				18F8A0AA25B8802500BF41C9 /* Products */,
				4687C70958D12C0E8070D94A /* Pods */,
				9A8BF4FC7BF04EF1061FDA2C /* Frameworks */,
			);
			sourceTree = "<group>";
		};
		18F8A0AA25B8802500BF41C9 /* Products */ = {
			isa = PBXGroup;
			children = (
				18F8A0A925B8802500BF41C9 /* EatWhatLah.app */,
			);
			name = Products;
			sourceTree = "<group>";
		};
		18F8A0AB25B8802500BF41C9 /* EatWhatLah */ = {
			isa = PBXGroup;
			children = (
				188D6F5825BC0F0900061EEB /* Databse */,
				188D6F3E25BBB52C00061EEB /* Delegate */,
				188D6F3B25BBB4F300061EEB /* Controller */,
				188D6F3A25BBB4EE00061EEB /* Model */,
				188D6F3925BBB4E800061EEB /* View */,
				18F8A0F925B9312300BF41C9 /* GoogleService-Info.plist */,
				18F8A0B825B8802800BF41C9 /* Assets.xcassets */,
				18F8A0BD25B8802800BF41C9 /* Info.plist */,
				183CFC2625BC49D100C07434 /* nearbyCell.swift */,
				183CFC2F25BD224F00C07434 /* nearbyCellCollectionViewCell.swift */,
				183CFC3025BD224F00C07434 /* nearbyCellCollectionViewCell.xib */,
			);
			path = EatWhatLah;
			sourceTree = "<group>";
		};
		18F8A0C725B88D0A00BF41C9 /* fonts */ = {
			isa = PBXGroup;
			children = (
				18F8A0D325B88D4500BF41C9 /* SFProText-Bold.ttf */,
				18F8A0D225B88D4500BF41C9 /* SFProText-BoldItalic.ttf */,
				18F8A0CE25B88D4500BF41C9 /* SFProText-Heavy.ttf */,
				18F8A0D025B88D4500BF41C9 /* SFProText-HeavyItalic.ttf */,
				18F8A0CA25B88D4500BF41C9 /* SFProText-Light.ttf */,
				18F8A0CC25B88D4500BF41C9 /* SFProText-LightItalic.ttf */,
				18F8A0C825B88D4500BF41C9 /* SFProText-Medium.ttf */,
				18F8A0CF25B88D4500BF41C9 /* SFProText-MediumItalic.ttf */,
				18F8A0D125B88D4500BF41C9 /* SFProText-Regular.ttf */,
				18F8A0CB25B88D4500BF41C9 /* SFProText-RegularItalic.ttf */,
				18F8A0CD25B88D4500BF41C9 /* SFProText-SemiBold.ttf */,
				18F8A0C925B88D4500BF41C9 /* SFProText-SemiBoldItalic.ttf */,
			);
			path = fonts;
			sourceTree = "<group>";
		};
		4687C70958D12C0E8070D94A /* Pods */ = {
			isa = PBXGroup;
			children = (
				1795CC35D3A281EF2DCDC854 /* Pods-EatWhatLah.debug.xcconfig */,
				33113F49FB3C8F4775662E66 /* Pods-EatWhatLah.release.xcconfig */,
			);
			path = Pods;
			sourceTree = "<group>";
		};
		9A8BF4FC7BF04EF1061FDA2C /* Frameworks */ = {
			isa = PBXGroup;
			children = (
				92364AC69F8CF233761F86B6 /* Pods_EatWhatLah.framework */,
			);
			name = Frameworks;
			sourceTree = "<group>";
		};
/* End PBXGroup section */

/* Begin PBXNativeTarget section */
		18F8A0A825B8802500BF41C9 /* EatWhatLah */ = {
			isa = PBXNativeTarget;
			buildConfigurationList = 18F8A0C025B8802800BF41C9 /* Build configuration list for PBXNativeTarget "EatWhatLah" */;
			buildPhases = (
				2441BF713747CA428299F2E4 /* [CP] Check Pods Manifest.lock */,
				18F8A0A525B8802500BF41C9 /* Sources */,
				18F8A0A625B8802500BF41C9 /* Frameworks */,
				18F8A0A725B8802500BF41C9 /* Resources */,
				2BDE981DE743FC3153F863D0 /* [CP] Embed Pods Frameworks */,
			);
			buildRules = (
			);
			dependencies = (
			);
			name = EatWhatLah;
			productName = EatWhatLah;
			productReference = 18F8A0A925B8802500BF41C9 /* EatWhatLah.app */;
			productType = "com.apple.product-type.application";
		};
/* End PBXNativeTarget section */

/* Begin PBXProject section */
		18F8A0A125B8802500BF41C9 /* Project object */ = {
			isa = PBXProject;
			attributes = {
				LastSwiftUpdateCheck = 1210;
				LastUpgradeCheck = 1210;
				TargetAttributes = {
					18F8A0A825B8802500BF41C9 = {
						CreatedOnToolsVersion = 12.1;
					};
				};
			};
			buildConfigurationList = 18F8A0A425B8802500BF41C9 /* Build configuration list for PBXProject "EatWhatLah" */;
			compatibilityVersion = "Xcode 9.3";
			developmentRegion = en;
			hasScannedForEncodings = 0;
			knownRegions = (
				en,
				Base,
			);
			mainGroup = 18F8A0A025B8802500BF41C9;
			productRefGroup = 18F8A0AA25B8802500BF41C9 /* Products */;
			projectDirPath = "";
			projectRoot = "";
			targets = (
				18F8A0A825B8802500BF41C9 /* EatWhatLah */,
			);
		};
/* End PBXProject section */

/* Begin PBXResourcesBuildPhase section */
		18F8A0A725B8802500BF41C9 /* Resources */ = {
			isa = PBXResourcesBuildPhase;
			buildActionMask = 2147483647;
			files = (
				18F8A0BC25B8802800BF41C9 /* LaunchScreen.storyboard in Resources */,
				18F8A0B925B8802800BF41C9 /* Assets.xcassets in Resources */,
				18F8A0D825B88D4500BF41C9 /* SFProText-LightItalic.ttf in Resources */,
				18F8A0DA25B88D4500BF41C9 /* SFProText-Heavy.ttf in Resources */,
				18F8A0C525B884EE00BF41C9 /* onboard.storyboard in Resources */,
				18F8A0DB25B88D4500BF41C9 /* SFProText-MediumItalic.ttf in Resources */,
				18F8A0D725B88D4500BF41C9 /* SFProText-RegularItalic.ttf in Resources */,
				18F8A0DE25B88D4500BF41C9 /* SFProText-BoldItalic.ttf in Resources */,
				18F8A0D925B88D4500BF41C9 /* SFProText-SemiBold.ttf in Resources */,
				18F8A0B425B8802500BF41C9 /* Main.storyboard in Resources */,
				18F8A0DD25B88D4500BF41C9 /* SFProText-Regular.ttf in Resources */,
				18F8A0DF25B88D4500BF41C9 /* SFProText-Bold.ttf in Resources */,
				18F8A0FA25B9312300BF41C9 /* GoogleService-Info.plist in Resources */,
				18F8A0D625B88D4500BF41C9 /* SFProText-Light.ttf in Resources */,
				18F8A0D425B88D4500BF41C9 /* SFProText-Medium.ttf in Resources */,
				18F8A0D525B88D4500BF41C9 /* SFProText-SemiBoldItalic.ttf in Resources */,
				183CFC3225BD224F00C07434 /* nearbyCellCollectionViewCell.xib in Resources */,
				18F8A0DC25B88D4500BF41C9 /* SFProText-HeavyItalic.ttf in Resources */,
			);
			runOnlyForDeploymentPostprocessing = 0;
		};
/* End PBXResourcesBuildPhase section */

/* Begin PBXShellScriptBuildPhase section */
		2441BF713747CA428299F2E4 /* [CP] Check Pods Manifest.lock */ = {
			isa = PBXShellScriptBuildPhase;
			buildActionMask = 2147483647;
			files = (
			);
			inputFileListPaths = (
			);
			inputPaths = (
				"${PODS_PODFILE_DIR_PATH}/Podfile.lock",
				"${PODS_ROOT}/Manifest.lock",
			);
			name = "[CP] Check Pods Manifest.lock";
			outputFileListPaths = (
			);
			outputPaths = (
				"$(DERIVED_FILE_DIR)/Pods-EatWhatLah-checkManifestLockResult.txt",
			);
			runOnlyForDeploymentPostprocessing = 0;
			shellPath = /bin/sh;
			shellScript = "diff \"${PODS_PODFILE_DIR_PATH}/Podfile.lock\" \"${PODS_ROOT}/Manifest.lock\" > /dev/null\nif [ $? != 0 ] ; then\n    # print error to STDERR\n    echo \"error: The sandbox is not in sync with the Podfile.lock. Run 'pod install' or update your CocoaPods installation.\" >&2\n    exit 1\nfi\n# This output is used by Xcode 'outputs' to avoid re-running this script phase.\necho \"SUCCESS\" > \"${SCRIPT_OUTPUT_FILE_0}\"\n";
			showEnvVarsInLog = 0;
		};
		2BDE981DE743FC3153F863D0 /* [CP] Embed Pods Frameworks */ = {
			isa = PBXShellScriptBuildPhase;
			buildActionMask = 2147483647;
			files = (
			);
			inputFileListPaths = (
				"${PODS_ROOT}/Target Support Files/Pods-EatWhatLah/Pods-EatWhatLah-frameworks-${CONFIGURATION}-input-files.xcfilelist",
			);
			name = "[CP] Embed Pods Frameworks";
			outputFileListPaths = (
				"${PODS_ROOT}/Target Support Files/Pods-EatWhatLah/Pods-EatWhatLah-frameworks-${CONFIGURATION}-output-files.xcfilelist",
			);
			runOnlyForDeploymentPostprocessing = 0;
			shellPath = /bin/sh;
			shellScript = "\"${PODS_ROOT}/Target Support Files/Pods-EatWhatLah/Pods-EatWhatLah-frameworks.sh\"\n";
			showEnvVarsInLog = 0;
		};
/* End PBXShellScriptBuildPhase section */

/* Begin PBXSourcesBuildPhase section */
		18F8A0A525B8802500BF41C9 /* Sources */ = {
			isa = PBXSourcesBuildPhase;
			buildActionMask = 2147483647;
			files = (
				184EB1BD25BDA6040098103A /* Geometry.swift in Sources */,
				184EB1BC25BDA6040098103A /* Southwest.swift in Sources */,
				18F8A0B125B8802500BF41C9 /* ViewController.swift in Sources */,
				18F8A0AD25B8802500BF41C9 /* AppDelegate.swift in Sources */,
				185DF98625B991F300B5929D /* EmailViewController.swift in Sources */,
				184EB1BF25BDA6040098103A /* Photos.swift in Sources */,
				18F8A0B725B8802500BF41C9 /* EatWhatLah.xcdatamodeld in Sources */,
				183CFC2725BC49D100C07434 /* nearbyCell.swift in Sources */,
				184EB1BE25BDA6040098103A /* PlaceModel.swift in Sources */,
				183CFC3525BD302200C07434 /* Places.swift in Sources */,
				184EB1C025BDA6040098103A /* Northeast.swift in Sources */,
				18F8A0E825B8AA0100BF41C9 /* onboardController.swift in Sources */,
				183CFC2325BC365B00C07434 /* ExploreController.swift in Sources */,
				184EB1CA25BF247C0098103A /* LocationDelegate.swift in Sources */,
				188D6F3625BA5FBC00061EEB /* ImagePicker.swift in Sources */,
				184EB1C325BDA6040098103A /* Location.swift in Sources */,
				184EB1C125BDA6040098103A /* Plus_code.swift in Sources */,
				18F8A0F425B9223200BF41C9 /* UserModel.swift in Sources */,
				184EB1C725BF03D10098103A /* VenueDetailController.swift in Sources */,
				18F8A0AF25B8802500BF41C9 /* SceneDelegate.swift in Sources */,
				184EB1C425BDA6040098103A /* Results.swift in Sources */,
				185DF98B25B9955B00B5929D /* Validation.swift in Sources */,
				183CFC3125BD224F00C07434 /* nearbyCellCollectionViewCell.swift in Sources */,
				184EB1C225BDA6040098103A /* Viewport.swift in Sources */,
				5DCD882325B88EA9006D6358 /* CommunityController.swift in Sources */,
				188D6F5625BC025C00061EEB /* LoginViewController.swift in Sources */,
			);
			runOnlyForDeploymentPostprocessing = 0;
		};
/* End PBXSourcesBuildPhase section */

/* Begin PBXVariantGroup section */
		18F8A0B225B8802500BF41C9 /* Main.storyboard */ = {
			isa = PBXVariantGroup;
			children = (
				18F8A0B325B8802500BF41C9 /* Base */,
			);
			name = Main.storyboard;
			sourceTree = "<group>";
		};
		18F8A0BA25B8802800BF41C9 /* LaunchScreen.storyboard */ = {
			isa = PBXVariantGroup;
			children = (
				18F8A0BB25B8802800BF41C9 /* Base */,
			);
			name = LaunchScreen.storyboard;
			sourceTree = "<group>";
		};
/* End PBXVariantGroup section */

/* Begin XCBuildConfiguration section */
		18F8A0BE25B8802800BF41C9 /* Debug */ = {
			isa = XCBuildConfiguration;
			buildSettings = {
				ALWAYS_SEARCH_USER_PATHS = NO;
				CLANG_ANALYZER_NONNULL = YES;
				CLANG_ANALYZER_NUMBER_OBJECT_CONVERSION = YES_AGGRESSIVE;
				CLANG_CXX_LANGUAGE_STANDARD = "gnu++14";
				CLANG_CXX_LIBRARY = "libc++";
				CLANG_ENABLE_MODULES = YES;
				CLANG_ENABLE_OBJC_ARC = YES;
				CLANG_ENABLE_OBJC_WEAK = YES;
				CLANG_WARN_BLOCK_CAPTURE_AUTORELEASING = YES;
				CLANG_WARN_BOOL_CONVERSION = YES;
				CLANG_WARN_COMMA = YES;
				CLANG_WARN_CONSTANT_CONVERSION = YES;
				CLANG_WARN_DEPRECATED_OBJC_IMPLEMENTATIONS = YES;
				CLANG_WARN_DIRECT_OBJC_ISA_USAGE = YES_ERROR;
				CLANG_WARN_DOCUMENTATION_COMMENTS = YES;
				CLANG_WARN_EMPTY_BODY = YES;
				CLANG_WARN_ENUM_CONVERSION = YES;
				CLANG_WARN_INFINITE_RECURSION = YES;
				CLANG_WARN_INT_CONVERSION = YES;
				CLANG_WARN_NON_LITERAL_NULL_CONVERSION = YES;
				CLANG_WARN_OBJC_IMPLICIT_RETAIN_SELF = YES;
				CLANG_WARN_OBJC_LITERAL_CONVERSION = YES;
				CLANG_WARN_OBJC_ROOT_CLASS = YES_ERROR;
				CLANG_WARN_QUOTED_INCLUDE_IN_FRAMEWORK_HEADER = YES;
				CLANG_WARN_RANGE_LOOP_ANALYSIS = YES;
				CLANG_WARN_STRICT_PROTOTYPES = YES;
				CLANG_WARN_SUSPICIOUS_MOVE = YES;
				CLANG_WARN_UNGUARDED_AVAILABILITY = YES_AGGRESSIVE;
				CLANG_WARN_UNREACHABLE_CODE = YES;
				CLANG_WARN__DUPLICATE_METHOD_MATCH = YES;
				COPY_PHASE_STRIP = NO;
				DEBUG_INFORMATION_FORMAT = dwarf;
				ENABLE_STRICT_OBJC_MSGSEND = YES;
				ENABLE_TESTABILITY = YES;
				GCC_C_LANGUAGE_STANDARD = gnu11;
				GCC_DYNAMIC_NO_PIC = NO;
				GCC_NO_COMMON_BLOCKS = YES;
				GCC_OPTIMIZATION_LEVEL = 0;
				GCC_PREPROCESSOR_DEFINITIONS = (
					"DEBUG=1",
					"$(inherited)",
				);
				GCC_WARN_64_TO_32_BIT_CONVERSION = YES;
				GCC_WARN_ABOUT_RETURN_TYPE = YES_ERROR;
				GCC_WARN_UNDECLARED_SELECTOR = YES;
				GCC_WARN_UNINITIALIZED_AUTOS = YES_AGGRESSIVE;
				GCC_WARN_UNUSED_FUNCTION = YES;
				GCC_WARN_UNUSED_VARIABLE = YES;
				IPHONEOS_DEPLOYMENT_TARGET = 14.1;
				MTL_ENABLE_DEBUG_INFO = INCLUDE_SOURCE;
				MTL_FAST_MATH = YES;
				ONLY_ACTIVE_ARCH = YES;
				SDKROOT = iphoneos;
				SWIFT_ACTIVE_COMPILATION_CONDITIONS = DEBUG;
				SWIFT_OPTIMIZATION_LEVEL = "-Onone";
			};
			name = Debug;
		};
		18F8A0BF25B8802800BF41C9 /* Release */ = {
			isa = XCBuildConfiguration;
			buildSettings = {
				ALWAYS_SEARCH_USER_PATHS = NO;
				CLANG_ANALYZER_NONNULL = YES;
				CLANG_ANALYZER_NUMBER_OBJECT_CONVERSION = YES_AGGRESSIVE;
				CLANG_CXX_LANGUAGE_STANDARD = "gnu++14";
				CLANG_CXX_LIBRARY = "libc++";
				CLANG_ENABLE_MODULES = YES;
				CLANG_ENABLE_OBJC_ARC = YES;
				CLANG_ENABLE_OBJC_WEAK = YES;
				CLANG_WARN_BLOCK_CAPTURE_AUTORELEASING = YES;
				CLANG_WARN_BOOL_CONVERSION = YES;
				CLANG_WARN_COMMA = YES;
				CLANG_WARN_CONSTANT_CONVERSION = YES;
				CLANG_WARN_DEPRECATED_OBJC_IMPLEMENTATIONS = YES;
				CLANG_WARN_DIRECT_OBJC_ISA_USAGE = YES_ERROR;
				CLANG_WARN_DOCUMENTATION_COMMENTS = YES;
				CLANG_WARN_EMPTY_BODY = YES;
				CLANG_WARN_ENUM_CONVERSION = YES;
				CLANG_WARN_INFINITE_RECURSION = YES;
				CLANG_WARN_INT_CONVERSION = YES;
				CLANG_WARN_NON_LITERAL_NULL_CONVERSION = YES;
				CLANG_WARN_OBJC_IMPLICIT_RETAIN_SELF = YES;
				CLANG_WARN_OBJC_LITERAL_CONVERSION = YES;
				CLANG_WARN_OBJC_ROOT_CLASS = YES_ERROR;
				CLANG_WARN_QUOTED_INCLUDE_IN_FRAMEWORK_HEADER = YES;
				CLANG_WARN_RANGE_LOOP_ANALYSIS = YES;
				CLANG_WARN_STRICT_PROTOTYPES = YES;
				CLANG_WARN_SUSPICIOUS_MOVE = YES;
				CLANG_WARN_UNGUARDED_AVAILABILITY = YES_AGGRESSIVE;
				CLANG_WARN_UNREACHABLE_CODE = YES;
				CLANG_WARN__DUPLICATE_METHOD_MATCH = YES;
				COPY_PHASE_STRIP = NO;
				DEBUG_INFORMATION_FORMAT = "dwarf-with-dsym";
				ENABLE_NS_ASSERTIONS = NO;
				ENABLE_STRICT_OBJC_MSGSEND = YES;
				GCC_C_LANGUAGE_STANDARD = gnu11;
				GCC_NO_COMMON_BLOCKS = YES;
				GCC_WARN_64_TO_32_BIT_CONVERSION = YES;
				GCC_WARN_ABOUT_RETURN_TYPE = YES_ERROR;
				GCC_WARN_UNDECLARED_SELECTOR = YES;
				GCC_WARN_UNINITIALIZED_AUTOS = YES_AGGRESSIVE;
				GCC_WARN_UNUSED_FUNCTION = YES;
				GCC_WARN_UNUSED_VARIABLE = YES;
				IPHONEOS_DEPLOYMENT_TARGET = 14.1;
				MTL_ENABLE_DEBUG_INFO = NO;
				MTL_FAST_MATH = YES;
				SDKROOT = iphoneos;
				SWIFT_COMPILATION_MODE = wholemodule;
				SWIFT_OPTIMIZATION_LEVEL = "-O";
				VALIDATE_PRODUCT = YES;
			};
			name = Release;
		};
		18F8A0C125B8802800BF41C9 /* Debug */ = {
			isa = XCBuildConfiguration;
			baseConfigurationReference = 1795CC35D3A281EF2DCDC854 /* Pods-EatWhatLah.debug.xcconfig */;
			buildSettings = {
				ASSETCATALOG_COMPILER_APPICON_NAME = AppIcon;
				ASSETCATALOG_COMPILER_GLOBAL_ACCENT_COLOR_NAME = AccentColor;
				CODE_SIGN_STYLE = Automatic;
				DEVELOPMENT_TEAM = 956353D6VP;
				INFOPLIST_FILE = EatWhatLah/Info.plist;
				LD_RUNPATH_SEARCH_PATHS = (
					"$(inherited)",
					"@executable_path/Frameworks",
				);
				PRODUCT_BUNDLE_IDENTIFIER = quansheng.EatWhatLah;
				PRODUCT_NAME = "$(TARGET_NAME)";
				SWIFT_VERSION = 5.0;
				TARGETED_DEVICE_FAMILY = "1,2";
			};
			name = Debug;
		};
		18F8A0C225B8802800BF41C9 /* Release */ = {
			isa = XCBuildConfiguration;
			baseConfigurationReference = 33113F49FB3C8F4775662E66 /* Pods-EatWhatLah.release.xcconfig */;
			buildSettings = {
				ASSETCATALOG_COMPILER_APPICON_NAME = AppIcon;
				ASSETCATALOG_COMPILER_GLOBAL_ACCENT_COLOR_NAME = AccentColor;
				CODE_SIGN_STYLE = Automatic;
				DEVELOPMENT_TEAM = 956353D6VP;
				INFOPLIST_FILE = EatWhatLah/Info.plist;
				LD_RUNPATH_SEARCH_PATHS = (
					"$(inherited)",
					"@executable_path/Frameworks",
				);
				PRODUCT_BUNDLE_IDENTIFIER = quansheng.EatWhatLah;
				PRODUCT_NAME = "$(TARGET_NAME)";
				SWIFT_VERSION = 5.0;
				TARGETED_DEVICE_FAMILY = "1,2";
			};
			name = Release;
		};
/* End XCBuildConfiguration section */

/* Begin XCConfigurationList section */
		18F8A0A425B8802500BF41C9 /* Build configuration list for PBXProject "EatWhatLah" */ = {
			isa = XCConfigurationList;
			buildConfigurations = (
				18F8A0BE25B8802800BF41C9 /* Debug */,
				18F8A0BF25B8802800BF41C9 /* Release */,
			);
			defaultConfigurationIsVisible = 0;
			defaultConfigurationName = Release;
		};
		18F8A0C025B8802800BF41C9 /* Build configuration list for PBXNativeTarget "EatWhatLah" */ = {
			isa = XCConfigurationList;
			buildConfigurations = (
				18F8A0C125B8802800BF41C9 /* Debug */,
				18F8A0C225B8802800BF41C9 /* Release */,
			);
			defaultConfigurationIsVisible = 0;
			defaultConfigurationName = Release;
		};
/* End XCConfigurationList section */

/* Begin XCVersionGroup section */
		18F8A0B525B8802500BF41C9 /* EatWhatLah.xcdatamodeld */ = {
			isa = XCVersionGroup;
			children = (
				18F8A0B625B8802500BF41C9 /* EatWhatLah.xcdatamodel */,
			);
			currentVersion = 18F8A0B625B8802500BF41C9 /* EatWhatLah.xcdatamodel */;
			path = EatWhatLah.xcdatamodeld;
			sourceTree = "<group>";
			versionGroupType = wrapper.xcdatamodel;
		};
/* End XCVersionGroup section */
	};
	rootObject = 18F8A0A125B8802500BF41C9 /* Project object */;
}
